// !$*UTF8*$!
{
	archiveVersion = 1;
	classes = {
	};
	objectVersion = 46;
	objects = {

/* Begin PBXBuildFile section */
		7646C12E1F9B6CD600180AE0 /* AppDelegate.swift in Sources */ = {isa = PBXBuildFile; fileRef = 7646C12D1F9B6CD600180AE0 /* AppDelegate.swift */; };
		7646C1301F9B6CD600180AE0 /* ViewController.swift in Sources */ = {isa = PBXBuildFile; fileRef = 7646C12F1F9B6CD600180AE0 /* ViewController.swift */; };
		7646C1331F9B6CD600180AE0 /* Main.storyboard in Resources */ = {isa = PBXBuildFile; fileRef = 7646C1311F9B6CD600180AE0 /* Main.storyboard */; };
		7646C1351F9B6CD600180AE0 /* Assets.xcassets in Resources */ = {isa = PBXBuildFile; fileRef = 7646C1341F9B6CD600180AE0 /* Assets.xcassets */; };
		7646C1381F9B6CD600180AE0 /* LaunchScreen.storyboard in Resources */ = {isa = PBXBuildFile; fileRef = 7646C1361F9B6CD600180AE0 /* LaunchScreen.storyboard */; };
		7646C1401F9B717300180AE0 /* pokemon.csv in Resources */ = {isa = PBXBuildFile; fileRef = 7646C13F1F9B717300180AE0 /* pokemon.csv */; };
/* End PBXBuildFile section */

/* Begin PBXFileReference section */
		7646C12A1F9B6CD600180AE0 /* pokedex.app */ = {isa = PBXFileReference; explicitFileType = wrapper.application; includeInIndex = 0; path = pokedex.app; sourceTree = BUILT_PRODUCTS_DIR; };
		7646C12D1F9B6CD600180AE0 /* AppDelegate.swift */ = {isa = PBXFileReference; lastKnownFileType = sourcecode.swift; path = AppDelegate.swift; sourceTree = "<group>"; };
		7646C12F1F9B6CD600180AE0 /* ViewController.swift */ = {isa = PBXFileReference; lastKnownFileType = sourcecode.swift; path = ViewController.swift; sourceTree = "<group>"; };
		7646C1321F9B6CD600180AE0 /* Base */ = {isa = PBXFileReference; lastKnownFileType = file.storyboard; name = Base; path = Base.lproj/Main.storyboard; sourceTree = "<group>"; };
		7646C1341F9B6CD600180AE0 /* Assets.xcassets */ = {isa = PBXFileReference; lastKnownFileType = folder.assetcatalog; path = Assets.xcassets; sourceTree = "<group>"; };
		7646C1371F9B6CD600180AE0 /* Base */ = {isa = PBXFileReference; lastKnownFileType = file.storyboard; name = Base; path = Base.lproj/LaunchScreen.storyboard; sourceTree = "<group>"; };
		7646C1391F9B6CD600180AE0 /* Info.plist */ = {isa = PBXFileReference; lastKnownFileType = text.plist.xml; path = Info.plist; sourceTree = "<group>"; };
		7646C13F1F9B717300180AE0 /* pokemon.csv */ = {isa = PBXFileReference; fileEncoding = 4; lastKnownFileType = text; path = pokemon.csv; sourceTree = "<group>"; };
/* End PBXFileReference section */

/* Begin PBXFrameworksBuildPhase section */
		7646C1271F9B6CD600180AE0 /* Frameworks */ = {
			isa = PBXFrameworksBuildPhase;
			buildActionMask = 2147483647;
			files = (
			);
			runOnlyForDeploymentPostprocessing = 0;
		};
/* End PBXFrameworksBuildPhase section */

/* Begin PBXGroup section */
		7646C1211F9B6CD600180AE0 = {
			isa = PBXGroup;
			children = (
				7646C12C1F9B6CD600180AE0 /* pokedex */,
				7646C12B1F9B6CD600180AE0 /* Products */,
			);
			sourceTree = "<group>";
		};
		7646C12B1F9B6CD600180AE0 /* Products */ = {
			isa = PBXGroup;
			children = (
				7646C12A1F9B6CD600180AE0 /* pokedex.app */,
			);
			name = Products;
			sourceTree = "<group>";
		};
		7646C12C1F9B6CD600180AE0 /* pokedex */ = {
			isa = PBXGroup;
			children = (
				7646C12D1F9B6CD600180AE0 /* AppDelegate.swift */,
				7646C12F1F9B6CD600180AE0 /* ViewController.swift */,
				7646C1311F9B6CD600180AE0 /* Main.storyboard */,
				7646C1341F9B6CD600180AE0 /* Assets.xcassets */,
				7646C13F1F9B717300180AE0 /* pokemon.csv */,
				7646C1361F9B6CD600180AE0 /* LaunchScreen.storyboard */,
				7646C1391F9B6CD600180AE0 /* Info.plist */,
			);
			path = pokedex;
			sourceTree = "<group>";
		};
/* End PBXGroup section */

/* Begin PBXNativeTarget section */
		7646C1291F9B6CD600180AE0 /* pokedex */ = {
			isa = PBXNativeTarget;
			buildConfigurationList = 7646C13C1F9B6CD600180AE0 /* Build configuration list for PBXNativeTarget "pokedex" */;
			buildPhases = (
				7646C1261F9B6CD600180AE0 /* Sources */,
				7646C1271F9B6CD600180AE0 /* Frameworks */,
				7646C1281F9B6CD600180AE0 /* Resources */,
			);
			buildRules = (
			);
			dependencies = (
			);
			name = pokedex;
			productName = pokedex;
			productReference = 7646C12A1F9B6CD600180AE0 /* pokedex.app */;
			productType = "com.apple.product-type.application";
		};
/* End PBXNativeTarget section */

/* Begin PBXProject section */
		7646C1221F9B6CD600180AE0 /* Project object */ = {
			isa = PBXProject;
			attributes = {
				LastSwiftUpdateCheck = 0820;
				LastUpgradeCheck = 0820;
				ORGANIZATIONNAME = "Gökhan Sayılgan";
				TargetAttributes = {
					7646C1291F9B6CD600180AE0 = {
						CreatedOnToolsVersion = 8.2.1;
						DevelopmentTeam = W95WSN8XFT;
						ProvisioningStyle = Automatic;
					};
				};
			};
			buildConfigurationList = 7646C1251F9B6CD600180AE0 /* Build configuration list for PBXProject "pokedex" */;
			compatibilityVersion = "Xcode 3.2";
			developmentRegion = English;
			hasScannedForEncodings = 0;
			knownRegions = (
				en,
				Base,
			);
			mainGroup = 7646C1211F9B6CD600180AE0;
			productRefGroup = 7646C12B1F9B6CD600180AE0 /* Products */;
			projectDirPath = "";
			projectRoot = "";
			targets = (
				7646C1291F9B6CD600180AE0 /* pokedex */,
			);
		};
/* End PBXProject section */

/* Begin PBXResourcesBuildPhase section */
		7646C1281F9B6CD600180AE0 /* Resources */ = {
			isa = PBXResourcesBuildPhase;
			buildActionMask = 2147483647;
			files = (
				7646C1381F9B6CD600180AE0 /* LaunchScreen.storyboard in Resources */,
				7646C1351F9B6CD600180AE0 /* Assets.xcassets in Resources */,
				7646C1401F9B717300180AE0 /* pokemon.csv in Resources */,
				7646C1331F9B6CD600180AE0 /* Main.storyboard in Resources */,
			);
			runOnlyForDeploymentPostprocessing = 0;
		};
/* End PBXResourcesBuildPhase section */

/* Begin PBXSourcesBuildPhase section */
		7646C1261F9B6CD600180AE0 /* Sources */ = {
			isa = PBXSourcesBuildPhase;
			buildActionMask = 2147483647;
			files = (
				7646C1301F9B6CD600180AE0 /* ViewController.swift in Sources */,
				7646C12E1F9B6CD600180AE0 /* AppDelegate.swift in Sources */,
			);
			runOnlyForDeploymentPostprocessing = 0;
		};
/* End PBXSourcesBuildPhase section */

/* Begin PBXVariantGroup section */
		7646C1311F9B6CD600180AE0 /* Main.storyboard */ = {
			isa = PBXVariantGroup;
			children = (
				7646C1321F9B6CD600180AE0 /* Base */,
			);
			name = Main.storyboard;
			sourceTree = "<group>";
		};
		7646C1361F9B6CD600180AE0 /* LaunchScreen.storyboard */ = {
			isa = PBXVariantGroup;
			children = (
				7646C1371F9B6CD600180AE0 /* Base */,
			);
			name = LaunchScreen.storyboard;
			sourceTree = "<group>";
		};
/* End PBXVariantGroup section */

/* Begin XCBuildConfiguration section */
		7646C13A1F9B6CD600180AE0 /* Debug */ = {
			isa = XCBuildConfiguration;
			buildSettings = {
				ALWAYS_SEARCH_USER_PATHS = NO;
				CLANG_ANALYZER_NONNULL = YES;
				CLANG_CXX_LANGUAGE_STANDARD = "gnu++0x";
				CLANG_CXX_LIBRARY = "libc++";
				CLANG_ENABLE_MODULES = YES;
				CLANG_ENABLE_OBJC_ARC = YES;
				CLANG_WARN_BOOL_CONVERSION = YES;
				CLANG_WARN_CONSTANT_CONVERSION = YES;
				CLANG_WARN_DIRECT_OBJC_ISA_USAGE = YES_ERROR;
				CLANG_WARN_DOCUMENTATION_COMMENTS = YES;
				CLANG_WARN_EMPTY_BODY = YES;
				CLANG_WARN_ENUM_CONVERSION = YES;
				CLANG_WARN_INFINITE_RECURSION = YES;
				CLANG_WARN_INT_CONVERSION = YES;
				CLANG_WARN_OBJC_ROOT_CLASS = YES_ERROR;
				CLANG_WARN_SUSPICIOUS_MOVE = YES;
				CLANG_WARN_UNREACHABLE_CODE = YES;
				CLANG_WARN__DUPLICATE_METHOD_MATCH = YES;
				"CODE_SIGN_IDENTITY[sdk=iphoneos*]" = "iPhone Developer";
				COPY_PHASE_STRIP = NO;
				DEBUG_INFORMATION_FORMAT = dwarf;
				ENABLE_STRICT_OBJC_MSGSEND = YES;
				ENABLE_TESTABILITY = YES;
				GCC_C_LANGUAGE_STANDARD = gnu99;
				GCC_DYNAMIC_NO_PIC = NO;
				GCC_NO_COMMON_BLOCKS = YES;
				GCC_OPTIMIZATION_LEVEL = 0;
				GCC_PREPROCESSOR_DEFINITIONS = (
					"DEBUG=1",
					"$(inherited)",
				);
				GCC_WARN_64_TO_32_BIT_CONVERSION = YES;
				GCC_WARN_ABOUT_RETURN_TYPE = YES_ERROR;
				GCC_WARN_UNDECLARED_SELECTOR = YES;
				GCC_WARN_UNINITIALIZED_AUTOS = YES_AGGRESSIVE;
				GCC_WARN_UNUSED_FUNCTION = YES;
				GCC_WARN_UNUSED_VARIABLE = YES;
				IPHONEOS_DEPLOYMENT_TARGET = 10.2;
				MTL_ENABLE_DEBUG_INFO = YES;
				ONLY_ACTIVE_ARCH = YES;
				SDKROOT = iphoneos;
				SWIFT_ACTIVE_COMPILATION_CONDITIONS = DEBUG;
				SWIFT_OPTIMIZATION_LEVEL = "-Onone";
			};
			name = Debug;
		};
		7646C13B1F9B6CD600180AE0 /* Release */ = {
			isa = XCBuildConfiguration;
			buildSettings = {
				ALWAYS_SEARCH_USER_PATHS = NO;
				CLANG_ANALYZER_NONNULL = YES;
				CLANG_CXX_LANGUAGE_STANDARD = "gnu++0x";
				CLANG_CXX_LIBRARY = "libc++";
				CLANG_ENABLE_MODULES = YES;
				CLANG_ENABLE_OBJC_ARC = YES;
				CLANG_WARN_BOOL_CONVERSION = YES;
				CLANG_WARN_CONSTANT_CONVERSION = YES;
				CLANG_WARN_DIRECT_OBJC_ISA_USAGE = YES_ERROR;
				CLANG_WARN_DOCUMENTATION_COMMENTS = YES;
				CLANG_WARN_EMPTY_BODY = YES;
				CLANG_WARN_ENUM_CONVERSION = YES;
				CLANG_WARN_INFINITE_RECURSION = YES;
				CLANG_WARN_INT_CONVERSION = YES;
				CLANG_WARN_OBJC_ROOT_CLASS = YES_ERROR;
				CLANG_WARN_SUSPICIOUS_MOVE = YES;
				CLANG_WARN_UNREACHABLE_CODE = YES;
				CLANG_WARN__DUPLICATE_METHOD_MATCH = YES;
				"CODE_SIGN_IDENTITY[sdk=iphoneos*]" = "iPhone Developer";
				COPY_PHASE_STRIP = NO;
				DEBUG_INFORMATION_FORMAT = "dwarf-with-dsym";
				ENABLE_NS_ASSERTIONS = NO;
				ENABLE_STRICT_OBJC_MSGSEND = YES;
				GCC_C_LANGUAGE_STANDARD = gnu99;
				GCC_NO_COMMON_BLOCKS = YES;
				GCC_WARN_64_TO_32_BIT_CONVERSION = YES;
				GCC_WARN_ABOUT_RETURN_TYPE = YES_ERROR;
				GCC_WARN_UNDECLARED_SELECTOR = YES;
				GCC_WARN_UNINITIALIZED_AUTOS = YES_AGGRESSIVE;
				GCC_WARN_UNUSED_FUNCTION = YES;
				GCC_WARN_UNUSED_VARIABLE = YES;
				IPHONEOS_DEPLOYMENT_TARGET = 10.2;
				MTL_ENABLE_DEBUG_INFO = NO;
				SDKROOT = iphoneos;
				SWIFT_OPTIMIZATION_LEVEL = "-Owholemodule";
				VALIDATE_PRODUCT = YES;
			};
			name = Release;
		};
		7646C13D1F9B6CD600180AE0 /* Debug */ = {
			isa = XCBuildConfiguration;
			buildSettings = {
				ASSETCATALOG_COMPILER_APPICON_NAME = AppIcon;
				DEVELOPMENT_TEAM = W95WSN8XFT;
				INFOPLIST_FILE = pokedex/Info.plist;
				LD_RUNPATH_SEARCH_PATHS = "$(inherited) @executable_path/Frameworks";
				PRODUCT_BUNDLE_IDENTIFIER = "gokhansayilgan-gmail.com.pokedex";
				PRODUCT_NAME = "$(TARGET_NAME)";
				SWIFT_VERSION = 3.0;
			};
			name = Debug;
		};
		7646C13E1F9B6CD600180AE0 /* Release */ = {
			isa = XCBuildConfiguration;
			buildSettings = {
				ASSETCATALOG_COMPILER_APPICON_NAME = AppIcon;
				DEVELOPMENT_TEAM = W95WSN8XFT;
				INFOPLIST_FILE = pokedex/Info.plist;
				LD_RUNPATH_SEARCH_PATHS = "$(inherited) @executable_path/Frameworks";
				PRODUCT_BUNDLE_IDENTIFIER = "gokhansayilgan-gmail.com.pokedex";
				PRODUCT_NAME = "$(TARGET_NAME)";
				SWIFT_VERSION = 3.0;
			};
			name = Release;
		};
/* End XCBuildConfiguration section */

/* Begin XCConfigurationList section */
		7646C1251F9B6CD600180AE0 /* Build configuration list for PBXProject "pokedex" */ = {
			isa = XCConfigurationList;
			buildConfigurations = (
				7646C13A1F9B6CD600180AE0 /* Debug */,
				7646C13B1F9B6CD600180AE0 /* Release */,
			);
			defaultConfigurationIsVisible = 0;
			defaultConfigurationName = Release;
		};
		7646C13C1F9B6CD600180AE0 /* Build configuration list for PBXNativeTarget "pokedex" */ = {
			isa = XCConfigurationList;
			buildConfigurations = (
				7646C13D1F9B6CD600180AE0 /* Debug */,
				7646C13E1F9B6CD600180AE0 /* Release */,
			);
			defaultConfigurationIsVisible = 0;
		};
/* End XCConfigurationList section */
	};
	rootObject = 7646C1221F9B6CD600180AE0 /* Project object */;
}
